// !$*UTF8*$!
{
	archiveVersion = 1;
	classes = {
	};
	objectVersion = 46;
	objects = {

/* Begin PBXBuildFile section */
		462E01441B2C5D7B006B79CE /* ContatosNoMapaViewController.m in Sources */ = {isa = PBXBuildFile; fileRef = 462E01421B2C5D7B006B79CE /* ContatosNoMapaViewController.m */; };
		462E01451B2C5D7B006B79CE /* ContatosNoMapaViewController.xib in Resources */ = {isa = PBXBuildFile; fileRef = 462E01431B2C5D7B006B79CE /* ContatosNoMapaViewController.xib */; };
		462E01481B2C5F49006B79CE /* MapKit.framework in Frameworks */ = {isa = PBXBuildFile; fileRef = 462E01471B2C5F49006B79CE /* MapKit.framework */; };
		462E015F1B2C7BDA006B79CE /* TPKeyboardAvoidingCollectionView.m in Sources */ = {isa = PBXBuildFile; fileRef = 462E01581B2C7BDA006B79CE /* TPKeyboardAvoidingCollectionView.m */; };
		462E01601B2C7BDA006B79CE /* TPKeyboardAvoidingScrollView.m in Sources */ = {isa = PBXBuildFile; fileRef = 462E015A1B2C7BDA006B79CE /* TPKeyboardAvoidingScrollView.m */; };
		462E01611B2C7BDA006B79CE /* TPKeyboardAvoidingTableView.m in Sources */ = {isa = PBXBuildFile; fileRef = 462E015C1B2C7BDA006B79CE /* TPKeyboardAvoidingTableView.m */; };
		462E01621B2C7BDA006B79CE /* UIScrollView+TPKeyboardAvoidingAdditions.m in Sources */ = {isa = PBXBuildFile; fileRef = 462E015E1B2C7BDA006B79CE /* UIScrollView+TPKeyboardAvoidingAdditions.m */; };
		462E01641B2C8068006B79CE /* Vila Mariana.gpx in Resources */ = {isa = PBXBuildFile; fileRef = 462E01631B2C8068006B79CE /* Vila Mariana.gpx */; };
		4649A4AC1B07ABAE005DE99D /* main.m in Sources */ = {isa = PBXBuildFile; fileRef = 4649A4AB1B07ABAE005DE99D /* main.m */; };
		4649A4AF1B07ABAE005DE99D /* AppDelegate.m in Sources */ = {isa = PBXBuildFile; fileRef = 4649A4AE1B07ABAE005DE99D /* AppDelegate.m */; };
		4649A4B21B07ABAE005DE99D /* ContatosIP67.xcdatamodeld in Sources */ = {isa = PBXBuildFile; fileRef = 4649A4B01B07ABAE005DE99D /* ContatosIP67.xcdatamodeld */; };
		4649A4B51B07ABAE005DE99D /* FormularioContatoViewController.m in Sources */ = {isa = PBXBuildFile; fileRef = 4649A4B41B07ABAE005DE99D /* FormularioContatoViewController.m */; };
		4649A4B81B07ABAE005DE99D /* Main.storyboard in Resources */ = {isa = PBXBuildFile; fileRef = 4649A4B61B07ABAE005DE99D /* Main.storyboard */; };
		4649A4BA1B07ABAE005DE99D /* Images.xcassets in Resources */ = {isa = PBXBuildFile; fileRef = 4649A4B91B07ABAE005DE99D /* Images.xcassets */; };
		4649A4BD1B07ABAE005DE99D /* LaunchScreen.xib in Resources */ = {isa = PBXBuildFile; fileRef = 4649A4BB1B07ABAE005DE99D /* LaunchScreen.xib */; };
		4649A4C91B07ABAE005DE99D /* ContatosIP67Tests.m in Sources */ = {isa = PBXBuildFile; fileRef = 4649A4C81B07ABAE005DE99D /* ContatosIP67Tests.m */; };
		4649A4D41B07BF0A005DE99D /* Contato.m in Sources */ = {isa = PBXBuildFile; fileRef = 4649A4D31B07BF0A005DE99D /* Contato.m */; };
		4649A4D71B07D218005DE99D /* ContatoDao.m in Sources */ = {isa = PBXBuildFile; fileRef = 4649A4D61B07D218005DE99D /* ContatoDao.m */; };
		46CA3F651B2330700048CF47 /* GerenciadorDeAcoes.m in Sources */ = {isa = PBXBuildFile; fileRef = 46CA3F641B2330700048CF47 /* GerenciadorDeAcoes.m */; };
		46CA3F671B2345BB0048CF47 /* MessageUI.framework in Frameworks */ = {isa = PBXBuildFile; fileRef = 46CA3F661B2345BB0048CF47 /* MessageUI.framework */; };
		46CA3F6D1B2385C20048CF47 /* UIViewController+Maroto.m in Sources */ = {isa = PBXBuildFile; fileRef = 46CA3F6C1B2385C20048CF47 /* UIViewController+Maroto.m */; };
		46D3483A1B10B7440091653E /* ListaContatosViewController.m in Sources */ = {isa = PBXBuildFile; fileRef = 46D348391B10B7440091653E /* ListaContatosViewController.m */; };
		46D3483C1B10CADC0091653E /* FormularioContatoViewController.xib in Resources */ = {isa = PBXBuildFile; fileRef = 46D3483B1B10CADC0091653E /* FormularioContatoViewController.xib */; };
/* End PBXBuildFile section */

/* Begin PBXContainerItemProxy section */
		4649A4C31B07ABAE005DE99D /* PBXContainerItemProxy */ = {
			isa = PBXContainerItemProxy;
			containerPortal = 4649A49E1B07ABAE005DE99D /* Project object */;
			proxyType = 1;
			remoteGlobalIDString = 4649A4A51B07ABAE005DE99D;
			remoteInfo = ContatosIP67;
		};
/* End PBXContainerItemProxy section */

/* Begin PBXFileReference section */
		462E01411B2C5D7B006B79CE /* ContatosNoMapaViewController.h */ = {isa = PBXFileReference; fileEncoding = 4; lastKnownFileType = sourcecode.c.h; name = ContatosNoMapaViewController.h; path = ../ContatosNoMapaViewController.h; sourceTree = "<group>"; };
		462E01421B2C5D7B006B79CE /* ContatosNoMapaViewController.m */ = {isa = PBXFileReference; fileEncoding = 4; lastKnownFileType = sourcecode.c.objc; name = ContatosNoMapaViewController.m; path = ../ContatosNoMapaViewController.m; sourceTree = "<group>"; };
		462E01431B2C5D7B006B79CE /* ContatosNoMapaViewController.xib */ = {isa = PBXFileReference; fileEncoding = 4; lastKnownFileType = file.xib; name = ContatosNoMapaViewController.xib; path = ../ContatosNoMapaViewController.xib; sourceTree = "<group>"; };
		462E01471B2C5F49006B79CE /* MapKit.framework */ = {isa = PBXFileReference; lastKnownFileType = wrapper.framework; name = MapKit.framework; path = System/Library/Frameworks/MapKit.framework; sourceTree = SDKROOT; };
		462E01571B2C7BDA006B79CE /* TPKeyboardAvoidingCollectionView.h */ = {isa = PBXFileReference; fileEncoding = 4; lastKnownFileType = sourcecode.c.h; path = TPKeyboardAvoidingCollectionView.h; sourceTree = "<group>"; };
		462E01581B2C7BDA006B79CE /* TPKeyboardAvoidingCollectionView.m */ = {isa = PBXFileReference; fileEncoding = 4; lastKnownFileType = sourcecode.c.objc; path = TPKeyboardAvoidingCollectionView.m; sourceTree = "<group>"; };
		462E01591B2C7BDA006B79CE /* TPKeyboardAvoidingScrollView.h */ = {isa = PBXFileReference; fileEncoding = 4; lastKnownFileType = sourcecode.c.h; path = TPKeyboardAvoidingScrollView.h; sourceTree = "<group>"; };
		462E015A1B2C7BDA006B79CE /* TPKeyboardAvoidingScrollView.m */ = {isa = PBXFileReference; fileEncoding = 4; lastKnownFileType = sourcecode.c.objc; path = TPKeyboardAvoidingScrollView.m; sourceTree = "<group>"; };
		462E015B1B2C7BDA006B79CE /* TPKeyboardAvoidingTableView.h */ = {isa = PBXFileReference; fileEncoding = 4; lastKnownFileType = sourcecode.c.h; path = TPKeyboardAvoidingTableView.h; sourceTree = "<group>"; };
		462E015C1B2C7BDA006B79CE /* TPKeyboardAvoidingTableView.m */ = {isa = PBXFileReference; fileEncoding = 4; lastKnownFileType = sourcecode.c.objc; path = TPKeyboardAvoidingTableView.m; sourceTree = "<group>"; };
		462E015D1B2C7BDA006B79CE /* UIScrollView+TPKeyboardAvoidingAdditions.h */ = {isa = PBXFileReference; fileEncoding = 4; lastKnownFileType = sourcecode.c.h; path = "UIScrollView+TPKeyboardAvoidingAdditions.h"; sourceTree = "<group>"; };
		462E015E1B2C7BDA006B79CE /* UIScrollView+TPKeyboardAvoidingAdditions.m */ = {isa = PBXFileReference; fileEncoding = 4; lastKnownFileType = sourcecode.c.objc; path = "UIScrollView+TPKeyboardAvoidingAdditions.m"; sourceTree = "<group>"; };
		462E01631B2C8068006B79CE /* Vila Mariana.gpx */ = {isa = PBXFileReference; fileEncoding = 4; lastKnownFileType = text.xml; path = "Vila Mariana.gpx"; sourceTree = "<group>"; };
		4649A4A61B07ABAE005DE99D /* ContatosIP67.app */ = {isa = PBXFileReference; explicitFileType = wrapper.application; includeInIndex = 0; path = ContatosIP67.app; sourceTree = BUILT_PRODUCTS_DIR; };
		4649A4AA1B07ABAE005DE99D /* Info.plist */ = {isa = PBXFileReference; lastKnownFileType = text.plist.xml; path = Info.plist; sourceTree = "<group>"; };
		4649A4AB1B07ABAE005DE99D /* main.m */ = {isa = PBXFileReference; lastKnownFileType = sourcecode.c.objc; path = main.m; sourceTree = "<group>"; };
		4649A4AD1B07ABAE005DE99D /* AppDelegate.h */ = {isa = PBXFileReference; lastKnownFileType = sourcecode.c.h; path = AppDelegate.h; sourceTree = "<group>"; };
		4649A4AE1B07ABAE005DE99D /* AppDelegate.m */ = {isa = PBXFileReference; lastKnownFileType = sourcecode.c.objc; path = AppDelegate.m; sourceTree = "<group>"; };
		4649A4B11B07ABAE005DE99D /* ContatosIP67.xcdatamodel */ = {isa = PBXFileReference; lastKnownFileType = wrapper.xcdatamodel; path = ContatosIP67.xcdatamodel; sourceTree = "<group>"; };
		4649A4B31B07ABAE005DE99D /* FormularioContatoViewController.h */ = {isa = PBXFileReference; lastKnownFileType = sourcecode.c.h; path = FormularioContatoViewController.h; sourceTree = "<group>"; };
		4649A4B41B07ABAE005DE99D /* FormularioContatoViewController.m */ = {isa = PBXFileReference; lastKnownFileType = sourcecode.c.objc; path = FormularioContatoViewController.m; sourceTree = "<group>"; };
		4649A4B71B07ABAE005DE99D /* Base */ = {isa = PBXFileReference; lastKnownFileType = file.storyboard; name = Base; path = Base.lproj/Main.storyboard; sourceTree = "<group>"; };
		4649A4B91B07ABAE005DE99D /* Images.xcassets */ = {isa = PBXFileReference; lastKnownFileType = folder.assetcatalog; path = Images.xcassets; sourceTree = "<group>"; };
		4649A4BC1B07ABAE005DE99D /* Base */ = {isa = PBXFileReference; lastKnownFileType = file.xib; name = Base; path = Base.lproj/LaunchScreen.xib; sourceTree = "<group>"; };
		4649A4C21B07ABAE005DE99D /* ContatosIP67Tests.xctest */ = {isa = PBXFileReference; explicitFileType = wrapper.cfbundle; includeInIndex = 0; path = ContatosIP67Tests.xctest; sourceTree = BUILT_PRODUCTS_DIR; };
		4649A4C71B07ABAE005DE99D /* Info.plist */ = {isa = PBXFileReference; lastKnownFileType = text.plist.xml; path = Info.plist; sourceTree = "<group>"; };
		4649A4C81B07ABAE005DE99D /* ContatosIP67Tests.m */ = {isa = PBXFileReference; lastKnownFileType = sourcecode.c.objc; path = ContatosIP67Tests.m; sourceTree = "<group>"; };
		4649A4D21B07BF0A005DE99D /* Contato.h */ = {isa = PBXFileReference; fileEncoding = 4; lastKnownFileType = sourcecode.c.h; path = Contato.h; sourceTree = "<group>"; };
		4649A4D31B07BF0A005DE99D /* Contato.m */ = {isa = PBXFileReference; fileEncoding = 4; lastKnownFileType = sourcecode.c.objc; path = Contato.m; sourceTree = "<group>"; };
		4649A4D51B07D218005DE99D /* ContatoDao.h */ = {isa = PBXFileReference; fileEncoding = 4; lastKnownFileType = sourcecode.c.h; path = ContatoDao.h; sourceTree = "<group>"; };
		4649A4D61B07D218005DE99D /* ContatoDao.m */ = {isa = PBXFileReference; fileEncoding = 4; lastKnownFileType = sourcecode.c.objc; path = ContatoDao.m; sourceTree = "<group>"; };
		46CA3F631B2330700048CF47 /* GerenciadorDeAcoes.h */ = {isa = PBXFileReference; fileEncoding = 4; lastKnownFileType = sourcecode.c.h; path = GerenciadorDeAcoes.h; sourceTree = "<group>"; };
		46CA3F641B2330700048CF47 /* GerenciadorDeAcoes.m */ = {isa = PBXFileReference; fileEncoding = 4; lastKnownFileType = sourcecode.c.objc; path = GerenciadorDeAcoes.m; sourceTree = "<group>"; };
		46CA3F661B2345BB0048CF47 /* MessageUI.framework */ = {isa = PBXFileReference; lastKnownFileType = wrapper.framework; name = MessageUI.framework; path = System/Library/Frameworks/MessageUI.framework; sourceTree = SDKROOT; };
		46CA3F6B1B2385C20048CF47 /* UIViewController+Maroto.h */ = {isa = PBXFileReference; fileEncoding = 4; lastKnownFileType = sourcecode.c.h; name = "UIViewController+Maroto.h"; path = "../UIViewController+Maroto.h"; sourceTree = "<group>"; };
		46CA3F6C1B2385C20048CF47 /* UIViewController+Maroto.m */ = {isa = PBXFileReference; fileEncoding = 4; lastKnownFileType = sourcecode.c.objc; name = "UIViewController+Maroto.m"; path = "../UIViewController+Maroto.m"; sourceTree = "<group>"; };
		46D348381B10B7440091653E /* ListaContatosViewController.h */ = {isa = PBXFileReference; fileEncoding = 4; lastKnownFileType = sourcecode.c.h; path = ListaContatosViewController.h; sourceTree = "<group>"; };
		46D348391B10B7440091653E /* ListaContatosViewController.m */ = {isa = PBXFileReference; fileEncoding = 4; lastKnownFileType = sourcecode.c.objc; path = ListaContatosViewController.m; sourceTree = "<group>"; };
		46D3483B1B10CADC0091653E /* FormularioContatoViewController.xib */ = {isa = PBXFileReference; fileEncoding = 4; lastKnownFileType = file.xib; path = FormularioContatoViewController.xib; sourceTree = "<group>"; };
/* End PBXFileReference section */

/* Begin PBXFrameworksBuildPhase section */
		4649A4A31B07ABAE005DE99D /* Frameworks */ = {
			isa = PBXFrameworksBuildPhase;
			buildActionMask = 2147483647;
			files = (
				462E01481B2C5F49006B79CE /* MapKit.framework in Frameworks */,
				46CA3F671B2345BB0048CF47 /* MessageUI.framework in Frameworks */,
			);
			runOnlyForDeploymentPostprocessing = 0;
		};
		4649A4BF1B07ABAE005DE99D /* Frameworks */ = {
			isa = PBXFrameworksBuildPhase;
			buildActionMask = 2147483647;
			files = (
			);
			runOnlyForDeploymentPostprocessing = 0;
		};
/* End PBXFrameworksBuildPhase section */

/* Begin PBXGroup section */
		462E01461B2C5DBD006B79CE /* controllers */ = {
			isa = PBXGroup;
			children = (
				4649A4B31B07ABAE005DE99D /* FormularioContatoViewController.h */,
				4649A4B41B07ABAE005DE99D /* FormularioContatoViewController.m */,
				46D348381B10B7440091653E /* ListaContatosViewController.h */,
				46D348391B10B7440091653E /* ListaContatosViewController.m */,
				46D3483B1B10CADC0091653E /* FormularioContatoViewController.xib */,
				462E01411B2C5D7B006B79CE /* ContatosNoMapaViewController.h */,
				462E01421B2C5D7B006B79CE /* ContatosNoMapaViewController.m */,
				462E01431B2C5D7B006B79CE /* ContatosNoMapaViewController.xib */,
			);
			name = controllers;
			sourceTree = "<group>";
		};
		462E01561B2C7BDA006B79CE /* TPKeyboardAvoiding */ = {
			isa = PBXGroup;
			children = (
				462E01571B2C7BDA006B79CE /* TPKeyboardAvoidingCollectionView.h */,
				462E01581B2C7BDA006B79CE /* TPKeyboardAvoidingCollectionView.m */,
				462E01591B2C7BDA006B79CE /* TPKeyboardAvoidingScrollView.h */,
				462E015A1B2C7BDA006B79CE /* TPKeyboardAvoidingScrollView.m */,
				462E015B1B2C7BDA006B79CE /* TPKeyboardAvoidingTableView.h */,
				462E015C1B2C7BDA006B79CE /* TPKeyboardAvoidingTableView.m */,
				462E015D1B2C7BDA006B79CE /* UIScrollView+TPKeyboardAvoidingAdditions.h */,
				462E015E1B2C7BDA006B79CE /* UIScrollView+TPKeyboardAvoidingAdditions.m */,
			);
			path = TPKeyboardAvoiding;
			sourceTree = "<group>";
		};
		462E01651B2C80C0006B79CE /* GPX */ = {
			isa = PBXGroup;
			children = (
				462E01631B2C8068006B79CE /* Vila Mariana.gpx */,
			);
			name = GPX;
			sourceTree = "<group>";
		};
		462E01661B2C811C006B79CE /* Categorias */ = {
			isa = PBXGroup;
			children = (
				46CA3F6B1B2385C20048CF47 /* UIViewController+Maroto.h */,
				46CA3F6C1B2385C20048CF47 /* UIViewController+Maroto.m */,
			);
			name = Categorias;
			sourceTree = "<group>";
		};
		4649A49D1B07ABAE005DE99D = {
			isa = PBXGroup;
			children = (
				462E01561B2C7BDA006B79CE /* TPKeyboardAvoiding */,
				462E01471B2C5F49006B79CE /* MapKit.framework */,
				46CA3F661B2345BB0048CF47 /* MessageUI.framework */,
				4649A4A81B07ABAE005DE99D /* ContatosIP67 */,
				4649A4C51B07ABAE005DE99D /* ContatosIP67Tests */,
				4649A4A71B07ABAE005DE99D /* Products */,
			);
			sourceTree = "<group>";
		};
		4649A4A71B07ABAE005DE99D /* Products */ = {
			isa = PBXGroup;
			children = (
				4649A4A61B07ABAE005DE99D /* ContatosIP67.app */,
				4649A4C21B07ABAE005DE99D /* ContatosIP67Tests.xctest */,
			);
			name = Products;
			sourceTree = "<group>";
		};
		4649A4A81B07ABAE005DE99D /* ContatosIP67 */ = {
			isa = PBXGroup;
			children = (
				462E01661B2C811C006B79CE /* Categorias */,
				462E01651B2C80C0006B79CE /* GPX */,
				462E01461B2C5DBD006B79CE /* controllers */,
				4649A4AD1B07ABAE005DE99D /* AppDelegate.h */,
				4649A4AE1B07ABAE005DE99D /* AppDelegate.m */,
				4649A4D51B07D218005DE99D /* ContatoDao.h */,
				4649A4D61B07D218005DE99D /* ContatoDao.m */,
				4649A4B61B07ABAE005DE99D /* Main.storyboard */,
				4649A4D21B07BF0A005DE99D /* Contato.h */,
				4649A4D31B07BF0A005DE99D /* Contato.m */,
				4649A4B91B07ABAE005DE99D /* Images.xcassets */,
				4649A4BB1B07ABAE005DE99D /* LaunchScreen.xib */,
				4649A4B01B07ABAE005DE99D /* ContatosIP67.xcdatamodeld */,
				4649A4A91B07ABAE005DE99D /* Supporting Files */,
				46CA3F631B2330700048CF47 /* GerenciadorDeAcoes.h */,
				46CA3F641B2330700048CF47 /* GerenciadorDeAcoes.m */,
			);
			path = ContatosIP67;
			sourceTree = "<group>";
		};
		4649A4A91B07ABAE005DE99D /* Supporting Files */ = {
			isa = PBXGroup;
			children = (
				4649A4AA1B07ABAE005DE99D /* Info.plist */,
				4649A4AB1B07ABAE005DE99D /* main.m */,
			);
			name = "Supporting Files";
			sourceTree = "<group>";
		};
		4649A4C51B07ABAE005DE99D /* ContatosIP67Tests */ = {
			isa = PBXGroup;
			children = (
				4649A4C81B07ABAE005DE99D /* ContatosIP67Tests.m */,
				4649A4C61B07ABAE005DE99D /* Supporting Files */,
			);
			path = ContatosIP67Tests;
			sourceTree = "<group>";
		};
		4649A4C61B07ABAE005DE99D /* Supporting Files */ = {
			isa = PBXGroup;
			children = (
				4649A4C71B07ABAE005DE99D /* Info.plist */,
			);
			name = "Supporting Files";
			sourceTree = "<group>";
		};
/* End PBXGroup section */

/* Begin PBXNativeTarget section */
		4649A4A51B07ABAE005DE99D /* ContatosIP67 */ = {
			isa = PBXNativeTarget;
			buildConfigurationList = 4649A4CC1B07ABAE005DE99D /* Build configuration list for PBXNativeTarget "ContatosIP67" */;
			buildPhases = (
				4649A4A21B07ABAE005DE99D /* Sources */,
				4649A4A31B07ABAE005DE99D /* Frameworks */,
				4649A4A41B07ABAE005DE99D /* Resources */,
			);
			buildRules = (
			);
			dependencies = (
			);
			name = ContatosIP67;
			productName = ContatosIP67;
			productReference = 4649A4A61B07ABAE005DE99D /* ContatosIP67.app */;
			productType = "com.apple.product-type.application";
		};
		4649A4C11B07ABAE005DE99D /* ContatosIP67Tests */ = {
			isa = PBXNativeTarget;
			buildConfigurationList = 4649A4CF1B07ABAE005DE99D /* Build configuration list for PBXNativeTarget "ContatosIP67Tests" */;
			buildPhases = (
				4649A4BE1B07ABAE005DE99D /* Sources */,
				4649A4BF1B07ABAE005DE99D /* Frameworks */,
				4649A4C01B07ABAE005DE99D /* Resources */,
			);
			buildRules = (
			);
			dependencies = (
				4649A4C41B07ABAE005DE99D /* PBXTargetDependency */,
			);
			name = ContatosIP67Tests;
			productName = ContatosIP67Tests;
			productReference = 4649A4C21B07ABAE005DE99D /* ContatosIP67Tests.xctest */;
			productType = "com.apple.product-type.bundle.unit-test";
		};
/* End PBXNativeTarget section */

/* Begin PBXProject section */
		4649A49E1B07ABAE005DE99D /* Project object */ = {
			isa = PBXProject;
			attributes = {
				LastUpgradeCheck = 0610;
				ORGANIZATIONNAME = Caelum;
				TargetAttributes = {
					4649A4A51B07ABAE005DE99D = {
						CreatedOnToolsVersion = 6.1.1;
					};
					4649A4C11B07ABAE005DE99D = {
						CreatedOnToolsVersion = 6.1.1;
						TestTargetID = 4649A4A51B07ABAE005DE99D;
					};
				};
			};
			buildConfigurationList = 4649A4A11B07ABAE005DE99D /* Build configuration list for PBXProject "ContatosIP67" */;
			compatibilityVersion = "Xcode 3.2";
			developmentRegion = English;
			hasScannedForEncodings = 0;
			knownRegions = (
				en,
				Base,
			);
			mainGroup = 4649A49D1B07ABAE005DE99D;
			productRefGroup = 4649A4A71B07ABAE005DE99D /* Products */;
			projectDirPath = "";
			projectRoot = "";
			targets = (
				4649A4A51B07ABAE005DE99D /* ContatosIP67 */,
				4649A4C11B07ABAE005DE99D /* ContatosIP67Tests */,
			);
		};
/* End PBXProject section */

/* Begin PBXResourcesBuildPhase section */
		4649A4A41B07ABAE005DE99D /* Resources */ = {
			isa = PBXResourcesBuildPhase;
			buildActionMask = 2147483647;
			files = (
				4649A4B81B07ABAE005DE99D /* Main.storyboard in Resources */,
				4649A4BD1B07ABAE005DE99D /* LaunchScreen.xib in Resources */,
				462E01641B2C8068006B79CE /* Vila Mariana.gpx in Resources */,
				4649A4BA1B07ABAE005DE99D /* Images.xcassets in Resources */,
				46D3483C1B10CADC0091653E /* FormularioContatoViewController.xib in Resources */,
				462E01451B2C5D7B006B79CE /* ContatosNoMapaViewController.xib in Resources */,
			);
			runOnlyForDeploymentPostprocessing = 0;
		};
		4649A4C01B07ABAE005DE99D /* Resources */ = {
			isa = PBXResourcesBuildPhase;
			buildActionMask = 2147483647;
			files = (
			);
			runOnlyForDeploymentPostprocessing = 0;
		};
/* End PBXResourcesBuildPhase section */

/* Begin PBXSourcesBuildPhase section */
		4649A4A21B07ABAE005DE99D /* Sources */ = {
			isa = PBXSourcesBuildPhase;
			buildActionMask = 2147483647;
			files = (
				4649A4D41B07BF0A005DE99D /* Contato.m in Sources */,
				4649A4AF1B07ABAE005DE99D /* AppDelegate.m in Sources */,
				46D3483A1B10B7440091653E /* ListaContatosViewController.m in Sources */,
				462E01621B2C7BDA006B79CE /* UIScrollView+TPKeyboardAvoidingAdditions.m in Sources */,
				462E01441B2C5D7B006B79CE /* ContatosNoMapaViewController.m in Sources */,
				462E015F1B2C7BDA006B79CE /* TPKeyboardAvoidingCollectionView.m in Sources */,
				462E01611B2C7BDA006B79CE /* TPKeyboardAvoidingTableView.m in Sources */,
				4649A4B21B07ABAE005DE99D /* ContatosIP67.xcdatamodeld in Sources */,
				4649A4D71B07D218005DE99D /* ContatoDao.m in Sources */,
				46CA3F6D1B2385C20048CF47 /* UIViewController+Maroto.m in Sources */,
				4649A4B51B07ABAE005DE99D /* FormularioContatoViewController.m in Sources */,
				462E01601B2C7BDA006B79CE /* TPKeyboardAvoidingScrollView.m in Sources */,
				46CA3F651B2330700048CF47 /* GerenciadorDeAcoes.m in Sources */,
				4649A4AC1B07ABAE005DE99D /* main.m in Sources */,
			);
			runOnlyForDeploymentPostprocessing = 0;
		};
		4649A4BE1B07ABAE005DE99D /* Sources */ = {
			isa = PBXSourcesBuildPhase;
			buildActionMask = 2147483647;
			files = (
				4649A4C91B07ABAE005DE99D /* ContatosIP67Tests.m in Sources */,
			);
			runOnlyForDeploymentPostprocessing = 0;
		};
/* End PBXSourcesBuildPhase section */

/* Begin PBXTargetDependency section */
		4649A4C41B07ABAE005DE99D /* PBXTargetDependency */ = {
			isa = PBXTargetDependency;
			target = 4649A4A51B07ABAE005DE99D /* ContatosIP67 */;
			targetProxy = 4649A4C31B07ABAE005DE99D /* PBXContainerItemProxy */;
		};
/* End PBXTargetDependency section */

/* Begin PBXVariantGroup section */
		4649A4B61B07ABAE005DE99D /* Main.storyboard */ = {
			isa = PBXVariantGroup;
			children = (
				4649A4B71B07ABAE005DE99D /* Base */,
			);
			name = Main.storyboard;
			sourceTree = "<group>";
		};
		4649A4BB1B07ABAE005DE99D /* LaunchScreen.xib */ = {
			isa = PBXVariantGroup;
			children = (
				4649A4BC1B07ABAE005DE99D /* Base */,
			);
			name = LaunchScreen.xib;
			sourceTree = "<group>";
		};
/* End PBXVariantGroup section */

/* Begin XCBuildConfiguration section */
		4649A4CA1B07ABAE005DE99D /* Debug */ = {
			isa = XCBuildConfiguration;
			buildSettings = {
				ALWAYS_SEARCH_USER_PATHS = NO;
				CLANG_CXX_LANGUAGE_STANDARD = "gnu++0x";
				CLANG_CXX_LIBRARY = "libc++";
				CLANG_ENABLE_MODULES = YES;
				CLANG_ENABLE_OBJC_ARC = YES;
				CLANG_WARN_BOOL_CONVERSION = YES;
				CLANG_WARN_CONSTANT_CONVERSION = YES;
				CLANG_WARN_DIRECT_OBJC_ISA_USAGE = YES_ERROR;
				CLANG_WARN_EMPTY_BODY = YES;
				CLANG_WARN_ENUM_CONVERSION = YES;
				CLANG_WARN_INT_CONVERSION = YES;
				CLANG_WARN_OBJC_ROOT_CLASS = YES_ERROR;
				CLANG_WARN_UNREACHABLE_CODE = YES;
				CLANG_WARN__DUPLICATE_METHOD_MATCH = YES;
				"CODE_SIGN_IDENTITY[sdk=iphoneos*]" = "iPhone Developer";
				COPY_PHASE_STRIP = NO;
				ENABLE_STRICT_OBJC_MSGSEND = YES;
				GCC_C_LANGUAGE_STANDARD = gnu99;
				GCC_DYNAMIC_NO_PIC = NO;
				GCC_OPTIMIZATION_LEVEL = 0;
				GCC_PREPROCESSOR_DEFINITIONS = (
					"DEBUG=1",
					"$(inherited)",
				);
				GCC_SYMBOLS_PRIVATE_EXTERN = NO;
				GCC_WARN_64_TO_32_BIT_CONVERSION = YES;
				GCC_WARN_ABOUT_RETURN_TYPE = YES_ERROR;
				GCC_WARN_UNDECLARED_SELECTOR = YES;
				GCC_WARN_UNINITIALIZED_AUTOS = YES_AGGRESSIVE;
				GCC_WARN_UNUSED_FUNCTION = YES;
				GCC_WARN_UNUSED_VARIABLE = YES;
				IPHONEOS_DEPLOYMENT_TARGET = 8.1;
				MTL_ENABLE_DEBUG_INFO = YES;
				ONLY_ACTIVE_ARCH = YES;
				SDKROOT = iphoneos;
			};
			name = Debug;
		};
		4649A4CB1B07ABAE005DE99D /* Release */ = {
			isa = XCBuildConfiguration;
			buildSettings = {
				ALWAYS_SEARCH_USER_PATHS = NO;
				CLANG_CXX_LANGUAGE_STANDARD = "gnu++0x";
				CLANG_CXX_LIBRARY = "libc++";
				CLANG_ENABLE_MODULES = YES;
				CLANG_ENABLE_OBJC_ARC = YES;
				CLANG_WARN_BOOL_CONVERSION = YES;
				CLANG_WARN_CONSTANT_CONVERSION = YES;
				CLANG_WARN_DIRECT_OBJC_ISA_USAGE = YES_ERROR;
				CLANG_WARN_EMPTY_BODY = YES;
				CLANG_WARN_ENUM_CONVERSION = YES;
				CLANG_WARN_INT_CONVERSION = YES;
				CLANG_WARN_OBJC_ROOT_CLASS = YES_ERROR;
				CLANG_WARN_UNREACHABLE_CODE = YES;
				CLANG_WARN__DUPLICATE_METHOD_MATCH = YES;
				"CODE_SIGN_IDENTITY[sdk=iphoneos*]" = "iPhone Developer";
				COPY_PHASE_STRIP = YES;
				ENABLE_NS_ASSERTIONS = NO;
				ENABLE_STRICT_OBJC_MSGSEND = YES;
				GCC_C_LANGUAGE_STANDARD = gnu99;
				GCC_WARN_64_TO_32_BIT_CONVERSION = YES;
				GCC_WARN_ABOUT_RETURN_TYPE = YES_ERROR;
				GCC_WARN_UNDECLARED_SELECTOR = YES;
				GCC_WARN_UNINITIALIZED_AUTOS = YES_AGGRESSIVE;
				GCC_WARN_UNUSED_FUNCTION = YES;
				GCC_WARN_UNUSED_VARIABLE = YES;
				IPHONEOS_DEPLOYMENT_TARGET = 8.1;
				MTL_ENABLE_DEBUG_INFO = NO;
				SDKROOT = iphoneos;
				VALIDATE_PRODUCT = YES;
			};
			name = Release;
		};
		4649A4CD1B07ABAE005DE99D /* Debug */ = {
			isa = XCBuildConfiguration;
			buildSettings = {
				ASSETCATALOG_COMPILER_APPICON_NAME = AppIcon;
				INFOPLIST_FILE = ContatosIP67/Info.plist;
				LD_RUNPATH_SEARCH_PATHS = "$(inherited) @executable_path/Frameworks";
				PRODUCT_NAME = "$(TARGET_NAME)";
			};
			name = Debug;
		};
		4649A4CE1B07ABAE005DE99D /* Release */ = {
			isa = XCBuildConfiguration;
			buildSettings = {
				ASSETCATALOG_COMPILER_APPICON_NAME = AppIcon;
				INFOPLIST_FILE = ContatosIP67/Info.plist;
				LD_RUNPATH_SEARCH_PATHS = "$(inherited) @executable_path/Frameworks";
				PRODUCT_NAME = "$(TARGET_NAME)";
			};
			name = Release;
		};
		4649A4D01B07ABAE005DE99D /* Debug */ = {
			isa = XCBuildConfiguration;
			buildSettings = {
				BUNDLE_LOADER = "$(TEST_HOST)";
				FRAMEWORK_SEARCH_PATHS = (
					"$(SDKROOT)/Developer/Library/Frameworks",
					"$(inherited)",
				);
				GCC_PREPROCESSOR_DEFINITIONS = (
					"DEBUG=1",
					"$(inherited)",
				);
				INFOPLIST_FILE = ContatosIP67Tests/Info.plist;
				LD_RUNPATH_SEARCH_PATHS = "$(inherited) @executable_path/Frameworks @loader_path/Frameworks";
				PRODUCT_NAME = "$(TARGET_NAME)";
				TEST_HOST = "$(BUILT_PRODUCTS_DIR)/ContatosIP67.app/ContatosIP67";
			};
			name = Debug;
		};
		4649A4D11B07ABAE005DE99D /* Release */ = {
			isa = XCBuildConfiguration;
			buildSettings = {
				BUNDLE_LOADER = "$(TEST_HOST)";
				FRAMEWORK_SEARCH_PATHS = (
					"$(SDKROOT)/Developer/Library/Frameworks",
					"$(inherited)",
				);
				INFOPLIST_FILE = ContatosIP67Tests/Info.plist;
				LD_RUNPATH_SEARCH_PATHS = "$(inherited) @executable_path/Frameworks @loader_path/Frameworks";
				PRODUCT_NAME = "$(TARGET_NAME)";
				TEST_HOST = "$(BUILT_PRODUCTS_DIR)/ContatosIP67.app/ContatosIP67";
			};
			name = Release;
		};
/* End XCBuildConfiguration section */

/* Begin XCConfigurationList section */
		4649A4A11B07ABAE005DE99D /* Build configuration list for PBXProject "ContatosIP67" */ = {
			isa = XCConfigurationList;
			buildConfigurations = (
				4649A4CA1B07ABAE005DE99D /* Debug */,
				4649A4CB1B07ABAE005DE99D /* Release */,
			);
			defaultConfigurationIsVisible = 0;
			defaultConfigurationName = Release;
		};
		4649A4CC1B07ABAE005DE99D /* Build configuration list for PBXNativeTarget "ContatosIP67" */ = {
			isa = XCConfigurationList;
			buildConfigurations = (
				4649A4CD1B07ABAE005DE99D /* Debug */,
				4649A4CE1B07ABAE005DE99D /* Release */,
			);
			defaultConfigurationIsVisible = 0;
			defaultConfigurationName = Release;
		};
		4649A4CF1B07ABAE005DE99D /* Build configuration list for PBXNativeTarget "ContatosIP67Tests" */ = {
			isa = XCConfigurationList;
			buildConfigurations = (
				4649A4D01B07ABAE005DE99D /* Debug */,
				4649A4D11B07ABAE005DE99D /* Release */,
			);
			defaultConfigurationIsVisible = 0;
			defaultConfigurationName = Release;
		};
/* End XCConfigurationList section */

/* Begin XCVersionGroup section */
		4649A4B01B07ABAE005DE99D /* ContatosIP67.xcdatamodeld */ = {
			isa = XCVersionGroup;
			children = (
				4649A4B11B07ABAE005DE99D /* ContatosIP67.xcdatamodel */,
			);
			currentVersion = 4649A4B11B07ABAE005DE99D /* ContatosIP67.xcdatamodel */;
			path = ContatosIP67.xcdatamodeld;
			sourceTree = "<group>";
			versionGroupType = wrapper.xcdatamodel;
		};
/* End XCVersionGroup section */
	};
	rootObject = 4649A49E1B07ABAE005DE99D /* Project object */;
}
